
Microsoft Visual Studio Solution File, Format Version 12.00
# Visual Studio Version 16
VisualStudioVersion = 16.0.30204.135
MinimumVisualStudioVersion = 10.0.40219.1
Project("{9A19103F-16F7-4668-BE54-9A1E7A4F7556}") = "EventStore_POC", "EventStore_POC\EventStore_POC.csproj", "{69F6234D-6286-4C52-AE14-BBA0C73A23E3}"
EndProject
Global
	GlobalSection(SolutionConfigurationPlatforms) = preSolution
		Debug|Any CPU = Debug|Any CPU
		Release|Any CPU = Release|Any CPU
	EndGlobalSection
	GlobalSection(ProjectConfigurationPlatforms) = postSolution
		{69F6234D-6286-4C52-AE14-BBA0C73A23E3}.Debug|Any CPU.ActiveCfg = Debug|Any CPU
		{69F6234D-6286-4C52-AE14-BBA0C73A23E3}.Debug|Any CPU.Build.0 = Debug|Any CPU
		{69F6234D-6286-4C52-AE14-BBA0C73A23E3}.Release|Any CPU.ActiveCfg = Release|Any CPU
		{69F6234D-6286-4C52-AE14-BBA0C73A23E3}.Release|Any CPU.Build.0 = Release|Any CPU
	EndGlobalSection
	GlobalSection(SolutionProperties) = preSolution
		HideSolutionNode = FALSE
	EndGlobalSection
	GlobalSection(ExtensibilityGlobals) = postSolution
		SolutionGuid = {37D0376C-30D5-4784-AA3B-9D65400CB53A}
	EndGlobalSection
EndGlobal
